// !$*UTF8*$!
{
	archiveVersion = 1;
	classes = {
	};
	objectVersion = 77;
	objects = {

/* Begin PBXBuildFile section */
		99150A282DBE22A1006C46A8 /* TrackerStoreError.swift in Sources */ = {isa = PBXBuildFile; fileRef = 99150A272DBE22A1006C46A8 /* TrackerStoreError.swift */; };
		99150A2C2DBE22C4006C46A8 /* TrackerStoreUpdate.swift in Sources */ = {isa = PBXBuildFile; fileRef = 99150A2B2DBE22C4006C46A8 /* TrackerStoreUpdate.swift */; };
		99150A2E2DBE22EA006C46A8 /* TrackerStoreDelegate.swift in Sources */ = {isa = PBXBuildFile; fileRef = 99150A2D2DBE22EA006C46A8 /* TrackerStoreDelegate.swift */; };
		99150A302DBF96F1006C46A8 /* DatabaseStore.swift in Sources */ = {isa = PBXBuildFile; fileRef = 99150A2F2DBF96F1006C46A8 /* DatabaseStore.swift */; };
		992A7BD22DB26DB300EFBB80 /* TrackerStore.swift in Sources */ = {isa = PBXBuildFile; fileRef = 992A7BD12DB26DB300EFBB80 /* TrackerStore.swift */; };
		992A7BD42DB26DC000EFBB80 /* TrackerCategoryStore.swift in Sources */ = {isa = PBXBuildFile; fileRef = 992A7BD32DB26DC000EFBB80 /* TrackerCategoryStore.swift */; };
		992A7BD62DB26DCE00EFBB80 /* TrackerRecordStore.swift in Sources */ = {isa = PBXBuildFile; fileRef = 992A7BD52DB26DCE00EFBB80 /* TrackerRecordStore.swift */; };
		992AADFD2D9E7ABA007927AE /* TrackerTypeViewController.swift in Sources */ = {isa = PBXBuildFile; fileRef = 992AADFC2D9E7ABA007927AE /* TrackerTypeViewController.swift */; };
		992AADFF2D9E887C007927AE /* NewTrackerViewController.swift in Sources */ = {isa = PBXBuildFile; fileRef = 992AADFE2D9E887C007927AE /* NewTrackerViewController.swift */; };
		992AAE2A2D9F2C40007927AE /* ButtonsTableViewService.swift in Sources */ = {isa = PBXBuildFile; fileRef = 992AAE292D9F2C40007927AE /* ButtonsTableViewService.swift */; };
		992AAE2C2D9F352F007927AE /* ScheduleViewController.swift in Sources */ = {isa = PBXBuildFile; fileRef = 992AAE2B2D9F352F007927AE /* ScheduleViewController.swift */; };
		992AAE312D9FD239007927AE /* ScheduleTableViewService.swift in Sources */ = {isa = PBXBuildFile; fileRef = 992AAE302D9FD239007927AE /* ScheduleTableViewService.swift */; };
		992C586E2DB0ED8C0087B303 /* Database.xcdatamodeld in Sources */ = {isa = PBXBuildFile; fileRef = 992C586C2DB0ED8C0087B303 /* Database.xcdatamodeld */; };
		993FF4CB2DA921C300BAFC86 /* ColorsCollectionService.swift in Sources */ = {isa = PBXBuildFile; fileRef = 993FF4CA2DA921C300BAFC86 /* ColorsCollectionService.swift */; };
		993FF4CD2DA921DB00BAFC86 /* EmojiCollectionService.swift in Sources */ = {isa = PBXBuildFile; fileRef = 993FF4CC2DA921DB00BAFC86 /* EmojiCollectionService.swift */; };
		993FF4CF2DA921EC00BAFC86 /* EmojiCell.swift in Sources */ = {isa = PBXBuildFile; fileRef = 993FF4CE2DA921EC00BAFC86 /* EmojiCell.swift */; };
		993FF4D22DA922EF00BAFC86 /* ColorCell.swift in Sources */ = {isa = PBXBuildFile; fileRef = 993FF4D12DA922EF00BAFC86 /* ColorCell.swift */; };
		995700162D98244C002888E0 /* StatisticsViewController.swift in Sources */ = {isa = PBXBuildFile; fileRef = 995700152D98244C002888E0 /* StatisticsViewController.swift */; };
		995700182D982512002888E0 /* TabBarController.swift in Sources */ = {isa = PBXBuildFile; fileRef = 995700172D982512002888E0 /* TabBarController.swift */; };
		996185162D9C49000099E1ED /* Tracker.swift in Sources */ = {isa = PBXBuildFile; fileRef = 996185152D9C49000099E1ED /* Tracker.swift */; };
		996185182D9C494C0099E1ED /* TrackerCategory.swift in Sources */ = {isa = PBXBuildFile; fileRef = 996185172D9C494C0099E1ED /* TrackerCategory.swift */; };
		9961851A2D9C56890099E1ED /* TrackerRecord.swift in Sources */ = {isa = PBXBuildFile; fileRef = 996185192D9C56890099E1ED /* TrackerRecord.swift */; };
		996A32E82D9FEF070002DA05 /* TrackerCell.swift in Sources */ = {isa = PBXBuildFile; fileRef = 996A32E72D9FEF070002DA05 /* TrackerCell.swift */; };
		996A32F12DA030840002DA05 /* TrackersCollectionService.swift in Sources */ = {isa = PBXBuildFile; fileRef = 996A32F02DA030840002DA05 /* TrackersCollectionService.swift */; };
		996A32F32DA146970002DA05 /* TrackerCellDelegate.swift in Sources */ = {isa = PBXBuildFile; fileRef = 996A32F22DA146970002DA05 /* TrackerCellDelegate.swift */; };
		996A32F52DA198A20002DA05 /* WeekDaysEnum.swift in Sources */ = {isa = PBXBuildFile; fileRef = 996A32F42DA198A20002DA05 /* WeekDaysEnum.swift */; };
		996A32F72DA199DF0002DA05 /* ScheduleServiceDelegate.swift in Sources */ = {isa = PBXBuildFile; fileRef = 996A32F62DA199DF0002DA05 /* ScheduleServiceDelegate.swift */; };
		997BBF422DA4796B00329BC7 /* Constants.swift in Sources */ = {isa = PBXBuildFile; fileRef = 997BBF412DA4796B00329BC7 /* Constants.swift */; };
		99A5CBEA2DB59939005BABAA /* UIColorMarshalling.swift in Sources */ = {isa = PBXBuildFile; fileRef = 99A5CBE92DB59939005BABAA /* UIColorMarshalling.swift */; };
		99E5C90D2D97129100E5956A /* Assets.xcassets in Resources */ = {isa = PBXBuildFile; fileRef = 99E5C9062D97129100E5956A /* Assets.xcassets */; };
		99E5C90F2D97129100E5956A /* LaunchScreen.storyboard in Resources */ = {isa = PBXBuildFile; fileRef = 99E5C9092D97129100E5956A /* LaunchScreen.storyboard */; };
		99E5C9102D97129100E5956A /* AppDelegate.swift in Sources */ = {isa = PBXBuildFile; fileRef = 99E5C9052D97129100E5956A /* AppDelegate.swift */; };
		99E5C9112D97129100E5956A /* SceneDelegate.swift in Sources */ = {isa = PBXBuildFile; fileRef = 99E5C90A2D97129100E5956A /* SceneDelegate.swift */; };
		99E5C9122D97129100E5956A /* TrackersViewController.swift in Sources */ = {isa = PBXBuildFile; fileRef = 99E5C90B2D97129100E5956A /* TrackersViewController.swift */; };
		99EEE8D12DCD2624001B5AE5 /* OnboardingViewController.swift in Sources */ = {isa = PBXBuildFile; fileRef = 99EEE8D02DCD2624001B5AE5 /* OnboardingViewController.swift */; };
		99EEE8F72DCD356A001B5AE5 /* SplashViewController.swift in Sources */ = {isa = PBXBuildFile; fileRef = 99EEE8F62DCD356A001B5AE5 /* SplashViewController.swift */; };
/* End PBXBuildFile section */

/* Begin PBXFileReference section */
		99150A272DBE22A1006C46A8 /* TrackerStoreError.swift */ = {isa = PBXFileReference; lastKnownFileType = sourcecode.swift; path = TrackerStoreError.swift; sourceTree = "<group>"; };
		99150A2B2DBE22C4006C46A8 /* TrackerStoreUpdate.swift */ = {isa = PBXFileReference; lastKnownFileType = sourcecode.swift; path = TrackerStoreUpdate.swift; sourceTree = "<group>"; };
		99150A2D2DBE22EA006C46A8 /* TrackerStoreDelegate.swift */ = {isa = PBXFileReference; lastKnownFileType = sourcecode.swift; path = TrackerStoreDelegate.swift; sourceTree = "<group>"; };
		99150A2F2DBF96F1006C46A8 /* DatabaseStore.swift */ = {isa = PBXFileReference; lastKnownFileType = sourcecode.swift; path = DatabaseStore.swift; sourceTree = "<group>"; };
		992A7BD12DB26DB300EFBB80 /* TrackerStore.swift */ = {isa = PBXFileReference; lastKnownFileType = sourcecode.swift; path = TrackerStore.swift; sourceTree = "<group>"; };
		992A7BD32DB26DC000EFBB80 /* TrackerCategoryStore.swift */ = {isa = PBXFileReference; lastKnownFileType = sourcecode.swift; path = TrackerCategoryStore.swift; sourceTree = "<group>"; };
		992A7BD52DB26DCE00EFBB80 /* TrackerRecordStore.swift */ = {isa = PBXFileReference; lastKnownFileType = sourcecode.swift; path = TrackerRecordStore.swift; sourceTree = "<group>"; };
		992AADFC2D9E7ABA007927AE /* TrackerTypeViewController.swift */ = {isa = PBXFileReference; lastKnownFileType = sourcecode.swift; path = TrackerTypeViewController.swift; sourceTree = "<group>"; };
		992AADFE2D9E887C007927AE /* NewTrackerViewController.swift */ = {isa = PBXFileReference; lastKnownFileType = sourcecode.swift; path = NewTrackerViewController.swift; sourceTree = "<group>"; };
		992AAE292D9F2C40007927AE /* ButtonsTableViewService.swift */ = {isa = PBXFileReference; lastKnownFileType = sourcecode.swift; path = ButtonsTableViewService.swift; sourceTree = "<group>"; };
		992AAE2B2D9F352F007927AE /* ScheduleViewController.swift */ = {isa = PBXFileReference; lastKnownFileType = sourcecode.swift; path = ScheduleViewController.swift; sourceTree = "<group>"; };
		992AAE302D9FD239007927AE /* ScheduleTableViewService.swift */ = {isa = PBXFileReference; lastKnownFileType = sourcecode.swift; path = ScheduleTableViewService.swift; sourceTree = "<group>"; };
		992C586D2DB0ED8C0087B303 /* Database.xcdatamodel */ = {isa = PBXFileReference; lastKnownFileType = wrapper.xcdatamodel; path = Database.xcdatamodel; sourceTree = "<group>"; };
		993FF4CA2DA921C300BAFC86 /* ColorsCollectionService.swift */ = {isa = PBXFileReference; lastKnownFileType = sourcecode.swift; path = ColorsCollectionService.swift; sourceTree = "<group>"; };
		993FF4CC2DA921DB00BAFC86 /* EmojiCollectionService.swift */ = {isa = PBXFileReference; lastKnownFileType = sourcecode.swift; path = EmojiCollectionService.swift; sourceTree = "<group>"; };
		993FF4CE2DA921EC00BAFC86 /* EmojiCell.swift */ = {isa = PBXFileReference; lastKnownFileType = sourcecode.swift; path = EmojiCell.swift; sourceTree = "<group>"; };
		993FF4D12DA922EF00BAFC86 /* ColorCell.swift */ = {isa = PBXFileReference; lastKnownFileType = sourcecode.swift; path = ColorCell.swift; sourceTree = "<group>"; };
		995700152D98244C002888E0 /* StatisticsViewController.swift */ = {isa = PBXFileReference; lastKnownFileType = sourcecode.swift; path = StatisticsViewController.swift; sourceTree = "<group>"; };
		995700172D982512002888E0 /* TabBarController.swift */ = {isa = PBXFileReference; lastKnownFileType = sourcecode.swift; path = TabBarController.swift; sourceTree = "<group>"; };
		996185152D9C49000099E1ED /* Tracker.swift */ = {isa = PBXFileReference; lastKnownFileType = sourcecode.swift; path = Tracker.swift; sourceTree = "<group>"; };
		996185172D9C494C0099E1ED /* TrackerCategory.swift */ = {isa = PBXFileReference; lastKnownFileType = sourcecode.swift; path = TrackerCategory.swift; sourceTree = "<group>"; };
		996185192D9C56890099E1ED /* TrackerRecord.swift */ = {isa = PBXFileReference; lastKnownFileType = sourcecode.swift; path = TrackerRecord.swift; sourceTree = "<group>"; };
		996A32E72D9FEF070002DA05 /* TrackerCell.swift */ = {isa = PBXFileReference; lastKnownFileType = sourcecode.swift; path = TrackerCell.swift; sourceTree = "<group>"; };
		996A32F02DA030840002DA05 /* TrackersCollectionService.swift */ = {isa = PBXFileReference; lastKnownFileType = sourcecode.swift; path = TrackersCollectionService.swift; sourceTree = "<group>"; };
		996A32F22DA146970002DA05 /* TrackerCellDelegate.swift */ = {isa = PBXFileReference; lastKnownFileType = sourcecode.swift; path = TrackerCellDelegate.swift; sourceTree = "<group>"; };
		996A32F42DA198A20002DA05 /* WeekDaysEnum.swift */ = {isa = PBXFileReference; lastKnownFileType = sourcecode.swift; path = WeekDaysEnum.swift; sourceTree = "<group>"; };
		996A32F62DA199DF0002DA05 /* ScheduleServiceDelegate.swift */ = {isa = PBXFileReference; lastKnownFileType = sourcecode.swift; path = ScheduleServiceDelegate.swift; sourceTree = "<group>"; };
		997BBF412DA4796B00329BC7 /* Constants.swift */ = {isa = PBXFileReference; lastKnownFileType = sourcecode.swift; path = Constants.swift; sourceTree = "<group>"; };
		99A5CBE92DB59939005BABAA /* UIColorMarshalling.swift */ = {isa = PBXFileReference; lastKnownFileType = sourcecode.swift; path = UIColorMarshalling.swift; sourceTree = "<group>"; };
		99E5C8ED2D97061700E5956A /* Tracker.app */ = {isa = PBXFileReference; explicitFileType = wrapper.application; includeInIndex = 0; path = Tracker.app; sourceTree = BUILT_PRODUCTS_DIR; };
		99E5C9052D97129100E5956A /* AppDelegate.swift */ = {isa = PBXFileReference; lastKnownFileType = sourcecode.swift; path = AppDelegate.swift; sourceTree = "<group>"; };
		99E5C9062D97129100E5956A /* Assets.xcassets */ = {isa = PBXFileReference; lastKnownFileType = folder.assetcatalog; path = Assets.xcassets; sourceTree = "<group>"; };
		99E5C9072D97129100E5956A /* Info.plist */ = {isa = PBXFileReference; lastKnownFileType = text.plist.xml; path = Info.plist; sourceTree = "<group>"; };
		99E5C9082D97129100E5956A /* Base */ = {isa = PBXFileReference; lastKnownFileType = file.storyboard; name = Base; path = Base.lproj/LaunchScreen.storyboard; sourceTree = "<group>"; };
		99E5C90A2D97129100E5956A /* SceneDelegate.swift */ = {isa = PBXFileReference; lastKnownFileType = sourcecode.swift; path = SceneDelegate.swift; sourceTree = "<group>"; };
		99E5C90B2D97129100E5956A /* TrackersViewController.swift */ = {isa = PBXFileReference; lastKnownFileType = sourcecode.swift; path = TrackersViewController.swift; sourceTree = "<group>"; };
		99EEE8D02DCD2624001B5AE5 /* OnboardingViewController.swift */ = {isa = PBXFileReference; lastKnownFileType = sourcecode.swift; path = OnboardingViewController.swift; sourceTree = "<group>"; };
		99EEE8F62DCD356A001B5AE5 /* SplashViewController.swift */ = {isa = PBXFileReference; lastKnownFileType = sourcecode.swift; path = SplashViewController.swift; sourceTree = "<group>"; };
/* End PBXFileReference section */

/* Begin PBXFrameworksBuildPhase section */
		99E5C8EA2D97061700E5956A /* Frameworks */ = {
			isa = PBXFrameworksBuildPhase;
			buildActionMask = 2147483647;
			files = (
			);
			runOnlyForDeploymentPostprocessing = 0;
		};
/* End PBXFrameworksBuildPhase section */

/* Begin PBXGroup section */
		992A7BD02DB26D9700EFBB80 /* Core Data */ = {
			isa = PBXGroup;
			children = (
				992A7BD12DB26DB300EFBB80 /* TrackerStore.swift */,
				992A7BD32DB26DC000EFBB80 /* TrackerCategoryStore.swift */,
				992A7BD52DB26DCE00EFBB80 /* TrackerRecordStore.swift */,
				992C586C2DB0ED8C0087B303 /* Database.xcdatamodeld */,
				99150A2F2DBF96F1006C46A8 /* DatabaseStore.swift */,
			);
			path = "Core Data";
			sourceTree = "<group>";
		};
		992AAE1E2D9EC6A8007927AE /* Tracker Creator */ = {
			isa = PBXGroup;
			children = (
				992AADFC2D9E7ABA007927AE /* TrackerTypeViewController.swift */,
				992AADFE2D9E887C007927AE /* NewTrackerViewController.swift */,
				992AAE2B2D9F352F007927AE /* ScheduleViewController.swift */,
			);
			path = "Tracker Creator";
			sourceTree = "<group>";
		};
		992AAE2D2D9F3546007927AE /* Services */ = {
			isa = PBXGroup;
			children = (
				99150A2D2DBE22EA006C46A8 /* TrackerStoreDelegate.swift */,
				99150A272DBE22A1006C46A8 /* TrackerStoreError.swift */,
				99150A2B2DBE22C4006C46A8 /* TrackerStoreUpdate.swift */,
				99A5CBE92DB59939005BABAA /* UIColorMarshalling.swift */,
				997BBF412DA4796B00329BC7 /* Constants.swift */,
				996A32F42DA198A20002DA05 /* WeekDaysEnum.swift */,
				996A32F02DA030840002DA05 /* TrackersCollectionService.swift */,
				996A32F22DA146970002DA05 /* TrackerCellDelegate.swift */,
				996A32F62DA199DF0002DA05 /* ScheduleServiceDelegate.swift */,
				992AAE292D9F2C40007927AE /* ButtonsTableViewService.swift */,
				992AAE302D9FD239007927AE /* ScheduleTableViewService.swift */,
				993FF4CC2DA921DB00BAFC86 /* EmojiCollectionService.swift */,
				993FF4CA2DA921C300BAFC86 /* ColorsCollectionService.swift */,
			);
			path = Services;
			sourceTree = "<group>";
		};
		993FF4D02DA922D400BAFC86 /* Cells */ = {
			isa = PBXGroup;
			children = (
				996A32E72D9FEF070002DA05 /* TrackerCell.swift */,
				993FF4CE2DA921EC00BAFC86 /* EmojiCell.swift */,
				993FF4D12DA922EF00BAFC86 /* ColorCell.swift */,
			);
			path = Cells;
			sourceTree = "<group>";
		};
		996185142D9C48CD0099E1ED /* Models */ = {
			isa = PBXGroup;
			children = (
				996185152D9C49000099E1ED /* Tracker.swift */,
				996185172D9C494C0099E1ED /* TrackerCategory.swift */,
				996185192D9C56890099E1ED /* TrackerRecord.swift */,
			);
			path = Models;
			sourceTree = "<group>";
		};
		996A32EF2DA030460002DA05 /* Main Screen */ = {
			isa = PBXGroup;
			children = (
				995700172D982512002888E0 /* TabBarController.swift */,
				99E5C90B2D97129100E5956A /* TrackersViewController.swift */,
			);
			path = "Main Screen";
			sourceTree = "<group>";
		};
		99E5C8E42D97061700E5956A = {
			isa = PBXGroup;
			children = (
				99E5C90C2D97129100E5956A /* Tracker */,
				99E5C8EE2D97061700E5956A /* Products */,
			);
			sourceTree = "<group>";
		};
		99E5C8EE2D97061700E5956A /* Products */ = {
			isa = PBXGroup;
			children = (
				99E5C8ED2D97061700E5956A /* Tracker.app */,
			);
			name = Products;
			sourceTree = "<group>";
		};
		99E5C90C2D97129100E5956A /* Tracker */ = {
			isa = PBXGroup;
			children = (
				99E5C9052D97129100E5956A /* AppDelegate.swift */,
				99E5C90A2D97129100E5956A /* SceneDelegate.swift */,
				99E5C9092D97129100E5956A /* LaunchScreen.storyboard */,
				99EEE8F62DCD356A001B5AE5 /* SplashViewController.swift */,
				99EEE8D02DCD2624001B5AE5 /* OnboardingViewController.swift */,
				996185142D9C48CD0099E1ED /* Models */,
				993FF4D02DA922D400BAFC86 /* Cells */,
				992AAE2D2D9F3546007927AE /* Services */,
				996A32EF2DA030460002DA05 /* Main Screen */,
				992AAE1E2D9EC6A8007927AE /* Tracker Creator */,
				995700152D98244C002888E0 /* StatisticsViewController.swift */,
				992A7BD02DB26D9700EFBB80 /* Core Data */,
				99E5C9062D97129100E5956A /* Assets.xcassets */,
				99E5C9072D97129100E5956A /* Info.plist */,
			);
			path = Tracker;
			sourceTree = "<group>";
		};
/* End PBXGroup section */

/* Begin PBXNativeTarget section */
		99E5C8EC2D97061700E5956A /* Tracker */ = {
			isa = PBXNativeTarget;
			buildConfigurationList = 99E5C9002D97061800E5956A /* Build configuration list for PBXNativeTarget "Tracker" */;
			buildPhases = (
				99E5C8E92D97061700E5956A /* Sources */,
				99E5C8EA2D97061700E5956A /* Frameworks */,
				99E5C8EB2D97061700E5956A /* Resources */,
			);
			buildRules = (
			);
			dependencies = (
			);
			name = Tracker;
			packageProductDependencies = (
			);
			productName = Tracker;
			productReference = 99E5C8ED2D97061700E5956A /* Tracker.app */;
			productType = "com.apple.product-type.application";
		};
/* End PBXNativeTarget section */

/* Begin PBXProject section */
		99E5C8E52D97061700E5956A /* Project object */ = {
			isa = PBXProject;
			attributes = {
				BuildIndependentTargetsInParallel = 1;
				LastSwiftUpdateCheck = 1620;
				LastUpgradeCheck = 1620;
				TargetAttributes = {
					99E5C8EC2D97061700E5956A = {
						CreatedOnToolsVersion = 16.2;
					};
				};
			};
			buildConfigurationList = 99E5C8E82D97061700E5956A /* Build configuration list for PBXProject "Tracker" */;
			developmentRegion = en;
			hasScannedForEncodings = 0;
			knownRegions = (
				en,
				Base,
			);
			mainGroup = 99E5C8E42D97061700E5956A;
			minimizedProjectReferenceProxies = 1;
			preferredProjectObjectVersion = 77;
			productRefGroup = 99E5C8EE2D97061700E5956A /* Products */;
			projectDirPath = "";
			projectRoot = "";
			targets = (
				99E5C8EC2D97061700E5956A /* Tracker */,
			);
		};
/* End PBXProject section */

/* Begin PBXResourcesBuildPhase section */
		99E5C8EB2D97061700E5956A /* Resources */ = {
			isa = PBXResourcesBuildPhase;
			buildActionMask = 2147483647;
			files = (
				99E5C90D2D97129100E5956A /* Assets.xcassets in Resources */,
				99E5C90F2D97129100E5956A /* LaunchScreen.storyboard in Resources */,
			);
			runOnlyForDeploymentPostprocessing = 0;
		};
/* End PBXResourcesBuildPhase section */

/* Begin PBXSourcesBuildPhase section */
		99E5C8E92D97061700E5956A /* Sources */ = {
			isa = PBXSourcesBuildPhase;
			buildActionMask = 2147483647;
			files = (
				996185162D9C49000099E1ED /* Tracker.swift in Sources */,
				99150A2C2DBE22C4006C46A8 /* TrackerStoreUpdate.swift in Sources */,
				997BBF422DA4796B00329BC7 /* Constants.swift in Sources */,
				99EEE8F72DCD356A001B5AE5 /* SplashViewController.swift in Sources */,
				9961851A2D9C56890099E1ED /* TrackerRecord.swift in Sources */,
				99E5C9102D97129100E5956A /* AppDelegate.swift in Sources */,
				992AAE2A2D9F2C40007927AE /* ButtonsTableViewService.swift in Sources */,
				99E5C9112D97129100E5956A /* SceneDelegate.swift in Sources */,
				99A5CBEA2DB59939005BABAA /* UIColorMarshalling.swift in Sources */,
				993FF4CF2DA921EC00BAFC86 /* EmojiCell.swift in Sources */,
				993FF4CD2DA921DB00BAFC86 /* EmojiCollectionService.swift in Sources */,
				992A7BD42DB26DC000EFBB80 /* TrackerCategoryStore.swift in Sources */,
				992AAE2C2D9F352F007927AE /* ScheduleViewController.swift in Sources */,
				993FF4D22DA922EF00BAFC86 /* ColorCell.swift in Sources */,
				996A32F12DA030840002DA05 /* TrackersCollectionService.swift in Sources */,
				99E5C9122D97129100E5956A /* TrackersViewController.swift in Sources */,
				996A32F52DA198A20002DA05 /* WeekDaysEnum.swift in Sources */,
				995700182D982512002888E0 /* TabBarController.swift in Sources */,
				992A7BD22DB26DB300EFBB80 /* TrackerStore.swift in Sources */,
				99150A282DBE22A1006C46A8 /* TrackerStoreError.swift in Sources */,
				993FF4CB2DA921C300BAFC86 /* ColorsCollectionService.swift in Sources */,
				99150A302DBF96F1006C46A8 /* DatabaseStore.swift in Sources */,
				996A32E82D9FEF070002DA05 /* TrackerCell.swift in Sources */,
				992AADFF2D9E887C007927AE /* NewTrackerViewController.swift in Sources */,
				992AAE312D9FD239007927AE /* ScheduleTableViewService.swift in Sources */,
				992C586E2DB0ED8C0087B303 /* Database.xcdatamodeld in Sources */,
				996A32F72DA199DF0002DA05 /* ScheduleServiceDelegate.swift in Sources */,
				992A7BD62DB26DCE00EFBB80 /* TrackerRecordStore.swift in Sources */,
				995700162D98244C002888E0 /* StatisticsViewController.swift in Sources */,
				996A32F32DA146970002DA05 /* TrackerCellDelegate.swift in Sources */,
				99150A2E2DBE22EA006C46A8 /* TrackerStoreDelegate.swift in Sources */,
				992AADFD2D9E7ABA007927AE /* TrackerTypeViewController.swift in Sources */,
				99EEE8D12DCD2624001B5AE5 /* OnboardingViewController.swift in Sources */,
				996185182D9C494C0099E1ED /* TrackerCategory.swift in Sources */,
			);
			runOnlyForDeploymentPostprocessing = 0;
		};
/* End PBXSourcesBuildPhase section */

/* Begin PBXVariantGroup section */
		99E5C9092D97129100E5956A /* LaunchScreen.storyboard */ = {
			isa = PBXVariantGroup;
			children = (
				99E5C9082D97129100E5956A /* Base */,
			);
			name = LaunchScreen.storyboard;
			sourceTree = "<group>";
		};
/* End PBXVariantGroup section */

/* Begin XCBuildConfiguration section */
		99E5C9012D97061800E5956A /* Debug */ = {
			isa = XCBuildConfiguration;
			buildSettings = {
				ASSETCATALOG_COMPILER_APPICON_NAME = AppIcon;
				ASSETCATALOG_COMPILER_GLOBAL_ACCENT_COLOR_NAME = AccentColor;
				CODE_SIGN_STYLE = Automatic;
				CURRENT_PROJECT_VERSION = 1;
				DEVELOPMENT_TEAM = V459R55R59;
				GENERATE_INFOPLIST_FILE = YES;
				INFOPLIST_FILE = Tracker/Info.plist;
				INFOPLIST_KEY_UIApplicationSupportsIndirectInputEvents = YES;
				INFOPLIST_KEY_UILaunchStoryboardName = LaunchScreen;
				INFOPLIST_KEY_UISupportedInterfaceOrientations = UIInterfaceOrientationPortrait;
				INFOPLIST_KEY_UISupportedInterfaceOrientations_iPad = "UIInterfaceOrientationLandscapeLeft UIInterfaceOrientationLandscapeRight UIInterfaceOrientationPortrait UIInterfaceOrientationPortraitUpsideDown";
				IPHONEOS_DEPLOYMENT_TARGET = 17.6;
				LD_RUNPATH_SEARCH_PATHS = (
					"$(inherited)",
					"@executable_path/Frameworks",
				);
				MARKETING_VERSION = 1.0;
				PRODUCT_BUNDLE_IDENTIFIER = ru.avtabenskiy.Tracker;
				PRODUCT_NAME = "$(TARGET_NAME)";
				SUPPORTED_PLATFORMS = "iphoneos iphonesimulator";
				SUPPORTS_MACCATALYST = NO;
				SUPPORTS_MAC_DESIGNED_FOR_IPHONE_IPAD = NO;
				SUPPORTS_XR_DESIGNED_FOR_IPHONE_IPAD = NO;
				SWIFT_EMIT_LOC_STRINGS = YES;
				SWIFT_VERSION = 5.0;
				TARGETED_DEVICE_FAMILY = 1;
			};
			name = Debug;
		};
		99E5C9022D97061800E5956A /* Release */ = {
			isa = XCBuildConfiguration;
			buildSettings = {
				ASSETCATALOG_COMPILER_APPICON_NAME = AppIcon;
				ASSETCATALOG_COMPILER_GLOBAL_ACCENT_COLOR_NAME = AccentColor;
				CODE_SIGN_STYLE = Automatic;
				CURRENT_PROJECT_VERSION = 1;
				DEVELOPMENT_TEAM = V459R55R59;
				GENERATE_INFOPLIST_FILE = YES;
				INFOPLIST_FILE = Tracker/Info.plist;
				INFOPLIST_KEY_UIApplicationSupportsIndirectInputEvents = YES;
				INFOPLIST_KEY_UILaunchStoryboardName = LaunchScreen;
				INFOPLIST_KEY_UISupportedInterfaceOrientations = UIInterfaceOrientationPortrait;
				INFOPLIST_KEY_UISupportedInterfaceOrientations_iPad = "UIInterfaceOrientationLandscapeLeft UIInterfaceOrientationLandscapeRight UIInterfaceOrientationPortrait UIInterfaceOrientationPortraitUpsideDown";
				IPHONEOS_DEPLOYMENT_TARGET = 17.6;
				LD_RUNPATH_SEARCH_PATHS = (
					"$(inherited)",
					"@executable_path/Frameworks",
				);
				MARKETING_VERSION = 1.0;
				PRODUCT_BUNDLE_IDENTIFIER = ru.avtabenskiy.Tracker;
				PRODUCT_NAME = "$(TARGET_NAME)";
				SUPPORTED_PLATFORMS = "iphoneos iphonesimulator";
				SUPPORTS_MACCATALYST = NO;
				SUPPORTS_MAC_DESIGNED_FOR_IPHONE_IPAD = NO;
				SUPPORTS_XR_DESIGNED_FOR_IPHONE_IPAD = NO;
				SWIFT_EMIT_LOC_STRINGS = YES;
				SWIFT_VERSION = 5.0;
				TARGETED_DEVICE_FAMILY = 1;
			};
			name = Release;
		};
		99E5C9032D97061800E5956A /* Debug */ = {
			isa = XCBuildConfiguration;
			buildSettings = {
				ALWAYS_SEARCH_USER_PATHS = NO;
				ASSETCATALOG_COMPILER_GENERATE_SWIFT_ASSET_SYMBOL_EXTENSIONS = YES;
				CLANG_ANALYZER_NONNULL = YES;
				CLANG_ANALYZER_NUMBER_OBJECT_CONVERSION = YES_AGGRESSIVE;
				CLANG_CXX_LANGUAGE_STANDARD = "gnu++20";
				CLANG_ENABLE_MODULES = YES;
				CLANG_ENABLE_OBJC_ARC = YES;
				CLANG_ENABLE_OBJC_WEAK = YES;
				CLANG_WARN_BLOCK_CAPTURE_AUTORELEASING = YES;
				CLANG_WARN_BOOL_CONVERSION = YES;
				CLANG_WARN_COMMA = YES;
				CLANG_WARN_CONSTANT_CONVERSION = YES;
				CLANG_WARN_DEPRECATED_OBJC_IMPLEMENTATIONS = YES;
				CLANG_WARN_DIRECT_OBJC_ISA_USAGE = YES_ERROR;
				CLANG_WARN_DOCUMENTATION_COMMENTS = YES;
				CLANG_WARN_EMPTY_BODY = YES;
				CLANG_WARN_ENUM_CONVERSION = YES;
				CLANG_WARN_INFINITE_RECURSION = YES;
				CLANG_WARN_INT_CONVERSION = YES;
				CLANG_WARN_NON_LITERAL_NULL_CONVERSION = YES;
				CLANG_WARN_OBJC_IMPLICIT_RETAIN_SELF = YES;
				CLANG_WARN_OBJC_LITERAL_CONVERSION = YES;
				CLANG_WARN_OBJC_ROOT_CLASS = YES_ERROR;
				CLANG_WARN_QUOTED_INCLUDE_IN_FRAMEWORK_HEADER = YES;
				CLANG_WARN_RANGE_LOOP_ANALYSIS = YES;
				CLANG_WARN_STRICT_PROTOTYPES = YES;
				CLANG_WARN_SUSPICIOUS_MOVE = YES;
				CLANG_WARN_UNGUARDED_AVAILABILITY = YES_AGGRESSIVE;
				CLANG_WARN_UNREACHABLE_CODE = YES;
				CLANG_WARN__DUPLICATE_METHOD_MATCH = YES;
				COPY_PHASE_STRIP = NO;
				DEBUG_INFORMATION_FORMAT = dwarf;
				ENABLE_STRICT_OBJC_MSGSEND = YES;
				ENABLE_TESTABILITY = YES;
				ENABLE_USER_SCRIPT_SANDBOXING = YES;
				GCC_C_LANGUAGE_STANDARD = gnu17;
				GCC_DYNAMIC_NO_PIC = NO;
				GCC_NO_COMMON_BLOCKS = YES;
				GCC_OPTIMIZATION_LEVEL = 0;
				GCC_PREPROCESSOR_DEFINITIONS = (
					"DEBUG=1",
					"$(inherited)",
				);
				GCC_WARN_64_TO_32_BIT_CONVERSION = YES;
				GCC_WARN_ABOUT_RETURN_TYPE = YES_ERROR;
				GCC_WARN_UNDECLARED_SELECTOR = YES;
				GCC_WARN_UNINITIALIZED_AUTOS = YES_AGGRESSIVE;
				GCC_WARN_UNUSED_FUNCTION = YES;
				GCC_WARN_UNUSED_VARIABLE = YES;
				IPHONEOS_DEPLOYMENT_TARGET = 18.2;
				LOCALIZATION_PREFERS_STRING_CATALOGS = YES;
				MTL_ENABLE_DEBUG_INFO = INCLUDE_SOURCE;
				MTL_FAST_MATH = YES;
				ONLY_ACTIVE_ARCH = YES;
				SDKROOT = iphoneos;
				SWIFT_ACTIVE_COMPILATION_CONDITIONS = "DEBUG $(inherited)";
				SWIFT_OPTIMIZATION_LEVEL = "-Onone";
			};
			name = Debug;
		};
		99E5C9042D97061800E5956A /* Release */ = {
			isa = XCBuildConfiguration;
			buildSettings = {
				ALWAYS_SEARCH_USER_PATHS = NO;
				ASSETCATALOG_COMPILER_GENERATE_SWIFT_ASSET_SYMBOL_EXTENSIONS = YES;
				CLANG_ANALYZER_NONNULL = YES;
				CLANG_ANALYZER_NUMBER_OBJECT_CONVERSION = YES_AGGRESSIVE;
				CLANG_CXX_LANGUAGE_STANDARD = "gnu++20";
				CLANG_ENABLE_MODULES = YES;
				CLANG_ENABLE_OBJC_ARC = YES;
				CLANG_ENABLE_OBJC_WEAK = YES;
				CLANG_WARN_BLOCK_CAPTURE_AUTORELEASING = YES;
				CLANG_WARN_BOOL_CONVERSION = YES;
				CLANG_WARN_COMMA = YES;
				CLANG_WARN_CONSTANT_CONVERSION = YES;
				CLANG_WARN_DEPRECATED_OBJC_IMPLEMENTATIONS = YES;
				CLANG_WARN_DIRECT_OBJC_ISA_USAGE = YES_ERROR;
				CLANG_WARN_DOCUMENTATION_COMMENTS = YES;
				CLANG_WARN_EMPTY_BODY = YES;
				CLANG_WARN_ENUM_CONVERSION = YES;
				CLANG_WARN_INFINITE_RECURSION = YES;
				CLANG_WARN_INT_CONVERSION = YES;
				CLANG_WARN_NON_LITERAL_NULL_CONVERSION = YES;
				CLANG_WARN_OBJC_IMPLICIT_RETAIN_SELF = YES;
				CLANG_WARN_OBJC_LITERAL_CONVERSION = YES;
				CLANG_WARN_OBJC_ROOT_CLASS = YES_ERROR;
				CLANG_WARN_QUOTED_INCLUDE_IN_FRAMEWORK_HEADER = YES;
				CLANG_WARN_RANGE_LOOP_ANALYSIS = YES;
				CLANG_WARN_STRICT_PROTOTYPES = YES;
				CLANG_WARN_SUSPICIOUS_MOVE = YES;
				CLANG_WARN_UNGUARDED_AVAILABILITY = YES_AGGRESSIVE;
				CLANG_WARN_UNREACHABLE_CODE = YES;
				CLANG_WARN__DUPLICATE_METHOD_MATCH = YES;
				COPY_PHASE_STRIP = NO;
				DEBUG_INFORMATION_FORMAT = "dwarf-with-dsym";
				ENABLE_NS_ASSERTIONS = NO;
				ENABLE_STRICT_OBJC_MSGSEND = YES;
				ENABLE_USER_SCRIPT_SANDBOXING = YES;
				GCC_C_LANGUAGE_STANDARD = gnu17;
				GCC_NO_COMMON_BLOCKS = YES;
				GCC_WARN_64_TO_32_BIT_CONVERSION = YES;
				GCC_WARN_ABOUT_RETURN_TYPE = YES_ERROR;
				GCC_WARN_UNDECLARED_SELECTOR = YES;
				GCC_WARN_UNINITIALIZED_AUTOS = YES_AGGRESSIVE;
				GCC_WARN_UNUSED_FUNCTION = YES;
				GCC_WARN_UNUSED_VARIABLE = YES;
				IPHONEOS_DEPLOYMENT_TARGET = 18.2;
				LOCALIZATION_PREFERS_STRING_CATALOGS = YES;
				MTL_ENABLE_DEBUG_INFO = NO;
				MTL_FAST_MATH = YES;
				SDKROOT = iphoneos;
				SWIFT_COMPILATION_MODE = wholemodule;
				VALIDATE_PRODUCT = YES;
			};
			name = Release;
		};
/* End XCBuildConfiguration section */

/* Begin XCConfigurationList section */
		99E5C8E82D97061700E5956A /* Build configuration list for PBXProject "Tracker" */ = {
			isa = XCConfigurationList;
			buildConfigurations = (
				99E5C9032D97061800E5956A /* Debug */,
				99E5C9042D97061800E5956A /* Release */,
			);
			defaultConfigurationIsVisible = 0;
			defaultConfigurationName = Release;
		};
		99E5C9002D97061800E5956A /* Build configuration list for PBXNativeTarget "Tracker" */ = {
			isa = XCConfigurationList;
			buildConfigurations = (
				99E5C9012D97061800E5956A /* Debug */,
				99E5C9022D97061800E5956A /* Release */,
			);
			defaultConfigurationIsVisible = 0;
			defaultConfigurationName = Release;
		};
/* End XCConfigurationList section */

/* Begin XCVersionGroup section */
		992C586C2DB0ED8C0087B303 /* Database.xcdatamodeld */ = {
			isa = XCVersionGroup;
			children = (
				992C586D2DB0ED8C0087B303 /* Database.xcdatamodel */,
			);
			currentVersion = 992C586D2DB0ED8C0087B303 /* Database.xcdatamodel */;
			path = Database.xcdatamodeld;
			sourceTree = "<group>";
			versionGroupType = wrapper.xcdatamodel;
		};
/* End XCVersionGroup section */
	};
	rootObject = 99E5C8E52D97061700E5956A /* Project object */;
}
